
Microsoft Visual Studio Solution File, Format Version 12.00
# Visual Studio Version 16
VisualStudioVersion = 16.0.31829.152
MinimumVisualStudioVersion = 10.0.40219.1
Project("{FAE04EC0-301F-11D3-BF4B-00C04F79EFBC}") = "HackerRankSolutions", "HackerRankSolutions\HackerRankSolutions.csproj", "{F9A49218-678C-4CAD-83B7-1BE2644BDF4A}"
EndProject
Global
	GlobalSection(SolutionConfigurationPlatforms) = preSolution
		Debug|Any CPU = Debug|Any CPU
		Release|Any CPU = Release|Any CPU
	EndGlobalSection
	GlobalSection(ProjectConfigurationPlatforms) = postSolution
		{F9A49218-678C-4CAD-83B7-1BE2644BDF4A}.Debug|Any CPU.ActiveCfg = Debug|Any CPU
		{F9A49218-678C-4CAD-83B7-1BE2644BDF4A}.Debug|Any CPU.Build.0 = Debug|Any CPU
		{F9A49218-678C-4CAD-83B7-1BE2644BDF4A}.Release|Any CPU.ActiveCfg = Release|Any CPU
		{F9A49218-678C-4CAD-83B7-1BE2644BDF4A}.Release|Any CPU.Build.0 = Release|Any CPU
	EndGlobalSection
	GlobalSection(SolutionProperties) = preSolution
		HideSolutionNode = FALSE
	EndGlobalSection
	GlobalSection(ExtensibilityGlobals) = postSolution
		SolutionGuid = {C0613CC1-573D-46B6-8E88-C83F9D87B445}
	EndGlobalSection
EndGlobal
